
Microsoft Visual Studio Solution File, Format Version 12.00
# Visual Studio Version 16
VisualStudioVersion = 16.0.29326.143
MinimumVisualStudioVersion = 10.0.40219.1
Project("{FAE04EC0-301F-11D3-BF4B-00C04F79EFBC}") = "MetanitArray", "MetanitArray\MetanitArray.csproj", "{F8F4E185-BD92-4575-AC18-BDE6C972B6E9}"
EndProject
Global
	GlobalSection(SolutionConfigurationPlatforms) = preSolution
		Debug|Any CPU = Debug|Any CPU
		Release|Any CPU = Release|Any CPU
	EndGlobalSection
	GlobalSection(ProjectConfigurationPlatforms) = postSolution
		{F8F4E185-BD92-4575-AC18-BDE6C972B6E9}.Debug|Any CPU.ActiveCfg = Debug|Any CPU
		{F8F4E185-BD92-4575-AC18-BDE6C972B6E9}.Debug|Any CPU.Build.0 = Debug|Any CPU
		{F8F4E185-BD92-4575-AC18-BDE6C972B6E9}.Release|Any CPU.ActiveCfg = Release|Any CPU
		{F8F4E185-BD92-4575-AC18-BDE6C972B6E9}.Release|Any CPU.Build.0 = Release|Any CPU
	EndGlobalSection
	GlobalSection(SolutionProperties) = preSolution
		HideSolutionNode = FALSE
	EndGlobalSection
	GlobalSection(ExtensibilityGlobals) = postSolution
		SolutionGuid = {4E14153E-E9EE-4EF4-8DF5-F1F37AC850FD}
	EndGlobalSection
EndGlobal
